{
    "version": "0.5",
    "requires": [
        "zlib/1.3.2#1cb806da49011867778ffb6ac7190fcb%1777558780.503",
        "yaml-cpp/0.8.0#1aa371213f0307605d88ad5445581aff%1773246038.815",
        "re2/20230301#e697243fa7b545eefaa91fba7ba44146%1772560733.506",
        "protobuf/5.29.3#2106fa74a66b9c0166a38dd01c74c88e%1768401322.455",
        "opentelemetry-cpp/1.20.0@gorundebug/boost#a29051f660e6b421444beac1679b93bf%1788092258.6257634",
        "openssl/3.6.3#a81313131c78c6414f25b5fe0a83204b%1783446193.901",
        "lz4/1.9.4#a2f02ad3908618757c68d3618256a196%1775037236.076",
        "librdkafka/2.8.0@gorundebug/boost#44e2fb9409d4f18f8957b43519a518ba%1788092258.0181777",
        "libiconv/1.17#9923bc6dc6f106646d6967e0039a5ada%1774021608.288",
        "libcron/1.3.3@gorundebug/boost#8ce389b0e55cd7187f1d31a03cc1a52f%1788092257.861018",
        "libbacktrace/cci.20210118#a7691bfccd8caaf66309df196790a5a1%1722218217.276",
        "gtest/1.15.2@gorundebug/boost#6a638b877b5ad16c28efea363a943283%1788092258.1707225",
        "grpc/1.71.0@gorundebug/boost#97da307dacad1022d8c1287c33b93b3f%1788092258.3252897",
        "cyrus-sasl/2.1.28#63d62aec7c173849fb8a4e233b5667bf%1778160892.278",
        "c-ares/1.34.8#074b97a9e38159813ed5e2dcfeb290ca%1784539118.141",
        "bzip2/1.0.8#c470882369c2d95c5c77e970c0c7e321%1762886692.465",
        "boost/1.89.0#d33af727b3a9273b5770205fdf886fd1%1783338728.884",
        "asio-grpc/3.5.0#8f92f9e9625afe8fe2c6938a8ca22ca3%1768325511.174",
        "abseil/20240722.1#23fab6de6fb8f7dec1256e65e4dc3f5e%1773137905.064"
    ],
    "build_requires": [
        "zlib/1.3.2#1cb806da49011867778ffb6ac7190fcb%1777558780.503",
        "re2/20230301#e697243fa7b545eefaa91fba7ba44146%1772560733.506",
        "protobuf/5.29.3#2106fa74a66b9c0166a38dd01c74c88e%1768401322.455",
        "pkgconf/2.1.0#21f96520faf7660b99f872e956d2ac13%1755505630.82",
        "opentelemetry-proto/1.5.0@gorundebug/boost#843e0d6f6c4d3756a35bd5f6d99dec45%1788092258.474203",
        "openssl/3.6.3#a81313131c78c6414f25b5fe0a83204b%1783446193.901",
        "ninja/1.13.2#c8c5dc2a52ed6e4e42a66d75b4717ceb%1764096931.974",
        "meson/1.10.2#9d2d10681fe7fe61c788c58626c89b25%1775558003.754",
        "grpc/1.71.0@gorundebug/boost#97da307dacad1022d8c1287c33b93b3f%1788092258.3252897",
        "gnu-config/cci.20210814#466e9d4d7779e1c142443f7ea44b4284%1762363589.329",
        "cmake/4.4.2#8a0d360635c870b1d5c675489ee25074%1786458127.662",
        "cmake/3.31.12#173a926abc2b77f03c826b6fd6539426%1779785723.158",
        "c-ares/1.34.8#074b97a9e38159813ed5e2dcfeb290ca%1784539118.141",
        "b2/5.5.3#043a75bcbb090e3f81f7ac849850d0ca%1784261134.143",
        "abseil/20240722.1#23fab6de6fb8f7dec1256e65e4dc3f5e%1773137905.064"
    ],
    "python_requires": [],
    "overrides": {
        "grpc/[>=1.67.1 <2]": [
            "grpc/1.71.0@gorundebug/boost"
        ],
        "boost/1.88.0": [
            "boost/1.89.0"
        ],
        "protobuf/5.29.3": [
            null,
            "protobuf/5.29.3"
        ],
        "grpc/[>=1.67.1 <2]@gorundebug/boost": [
            "grpc/1.71.0@gorundebug/boost"
        ],
        "protobuf/[>=4.25.3 <7]": [
            "protobuf/5.29.3"
        ]
    },
    "config_requires": []
}
